
Microsoft Visual Studio Solution File, Format Version 12.00
# Visual Studio Version 17
VisualStudioVersion = 17.6.33723.286
MinimumVisualStudioVersion = 10.0.40219.1
Project("{9A19103F-16F7-4668-BE54-9A1E7A4F7556}") = "FloatableWindow.OpenSilver", "FloatableWindow\FloatableWindow.OpenSilver.csproj", "{BBAF7FEB-BA9E-4F45-97A7-74E6E07BEE64}"
EndProject
Global
	GlobalSection(SolutionConfigurationPlatforms) = preSolution
		Debug|Any CPU = Debug|Any CPU
		Release|Any CPU = Release|Any CPU
	EndGlobalSection
	GlobalSection(ProjectConfigurationPlatforms) = postSolution
		{BBAF7FEB-BA9E-4F45-97A7-74E6E07BEE64}.Debug|Any CPU.ActiveCfg = Debug|Any CPU
		{BBAF7FEB-BA9E-4F45-97A7-74E6E07BEE64}.Debug|Any CPU.Build.0 = Debug|Any CPU
		{BBAF7FEB-BA9E-4F45-97A7-74E6E07BEE64}.Release|Any CPU.ActiveCfg = Release|Any CPU
		{BBAF7FEB-BA9E-4F45-97A7-74E6E07BEE64}.Release|Any CPU.Build.0 = Release|Any CPU
	EndGlobalSection
	GlobalSection(SolutionProperties) = preSolution
		HideSolutionNode = FALSE
	EndGlobalSection
	GlobalSection(ExtensibilityGlobals) = postSolution
		SolutionGuid = {3BE8B2A8-2927-471D-9B3B-D64F2F393BCD}
	EndGlobalSection
EndGlobal
